{
  "name": "tutor",
  "lockfileVersion": 3,
  "requires": true,
  "packages": {
    "": {
      "dependencies": {
        "belajarlibrarynodejswilliamtanuwijaya": "^1.1.0"
      }
    },
    "node_modules/belajarlibrarynodejswilliamtanuwijaya": {
      "version": "1.1.0",
      "resolved": "https://registry.npmjs.org/belajarlibrarynodejswilliamtanuwijaya/-/belajarlibrarynodejswilliamtanuwijaya-1.1.0.tgz",
      "integrity": "sha512-edvDXOiTakDA1Ye4P6GHNdlXfMkErU8lPfjsFIKjO6RWpVoZwNeos+LyWtXo56fjhVPLGrRBGxWXyki9aDsYfQ=="
    }
  }
}
